{
  "nodes": {
    "darwin-custom-icons": {
      "locked": {
        "lastModified": 1719071371,
        "narHash": "sha256-SPazmoL3Pls4QTiZ2CRtavecNJgzpL4GeiwafTmtdJ8=",
        "owner": "ryanccn",
        "repo": "nix-darwin-custom-icons",
        "rev": "ad3e8cf49ef0b276ccf67410f544ff33d965d821",
        "type": "github"
      },
      "original": {
        "owner": "ryanccn",
        "repo": "nix-darwin-custom-icons",
        "type": "github"
      }
    },
    "flake-compat": {
      "flake": false,
      "locked": {
        "lastModified": 1767039857,
        "narHash": "sha256-vNpUSpF5Nuw8xvDLj2KCwwksIbjua2LZCqhV1LNRDns=",
        "owner": "edolstra",
        "repo": "flake-compat",
        "rev": "5edf11c44bc78a0d334f6334cdaf7d60d732daab",
        "type": "github"
      },
      "original": {
        "owner": "edolstra",
        "repo": "flake-compat",
        "type": "github"
      }
    },
    "flake-parts": {
      "inputs": {
        "nixpkgs-lib": [
          "nixvim",
          "nixpkgs"
        ]
      },
      "locked": {
        "lastModified": 1778716662,
        "narHash": "sha256-m1Yf0wZ8j1OHjTc2UwHwyQRSnNeSgLJOd7q5Y45hzi4=",
        "owner": "hercules-ci",
        "repo": "flake-parts",
        "rev": "f7c1a2d347e4c52d5fb8d10cb4d94b5884e546fb",
        "type": "github"
      },
      "original": {
        "owner": "hercules-ci",
        "repo": "flake-parts",
        "type": "github"
      }
    },
    "home-manager": {
      "inputs": {
        "nixpkgs": [
          "nixpkgs"
        ]
      },
      "locked": {
        "lastModified": 1780361225,
        "narHash": "sha256-wnV9ttf4fPWNonBIQmvlrSlNpQYgx5HgWWd007mwIFA=",
        "owner": "nix-community",
        "repo": "home-manager",
        "rev": "e28654b71096e08c019d4861ca26acb646f583d8",
        "type": "github"
      },
      "original": {
        "owner": "nix-community",
        "ref": "release-26.05",
        "repo": "home-manager",
        "type": "github"
      }
    },
    "homebrew": {
      "inputs": {
        "nixpkgs": [
          "nixpkgs"
        ]
      },
      "locked": {
        "lastModified": 1781246931,
        "narHash": "sha256-w26ixlWtThddlTUS2F3/bKUVc+LUQcbXpmbx2dtD650=",
        "owner": "koalalorenzo",
        "repo": "home-manager-brew",
        "rev": "de9d6a10b86068b58f7906cbaf660d7162c3b8bf",
        "type": "github"
      },
      "original": {
        "owner": "koalalorenzo",
        "repo": "home-manager-brew",
        "type": "github"
      }
    },
    "nix-darwin": {
      "inputs": {
        "nixpkgs": [
          "nixpkgs"
        ]
      },
      "locked": {
        "lastModified": 1779036909,
        "narHash": "sha256-zXcwYQGCT6pzinK+1dBB2ekTVtfxGZAapb3Evdcu4fY=",
        "owner": "LnL7",
        "repo": "nix-darwin",
        "rev": "56c666e108467d87d13508936aade6d567f2a501",
        "type": "github"
      },
      "original": {
        "owner": "LnL7",
        "repo": "nix-darwin",
        "type": "github"
      }
    },
    "nix-wsl": {
      "inputs": {
        "flake-compat": "flake-compat",
        "nixpkgs": [
          "nixpkgs"
        ]
      },
      "locked": {
        "lastModified": 1780525334,
        "narHash": "sha256-IsKkAEN/9x0MRIrZduykgLJxME8L70KNknC+3iII6Yo=",
        "owner": "nix-community",
        "repo": "NixOS-WSL",
        "rev": "cde346714cb46261648cac80c361dbd388f82f20",
        "type": "github"
      },
      "original": {
        "owner": "nix-community",
        "repo": "NixOS-WSL",
        "type": "github"
      }
    },
    "nixpkgs": {
      "locked": {
        "lastModified": 1780243769,
        "narHash": "sha256-x5UQuRsH3MqI0U9afaXSNqzTPSeZlRLvFAav2Ux1pNw=",
        "owner": "nixos",
        "repo": "nixpkgs",
        "rev": "331800de5053fcebacf6813adb5db9c9dca22a0c",
        "type": "github"
      },
      "original": {
        "owner": "nixos",
        "ref": "nixos-unstable",
        "repo": "nixpkgs",
        "type": "github"
      }
    },
    "nixpkgs_2": {
      "locked": {
        "lastModified": 1780336545,
        "narHash": "sha256-vhVhuXzFrIOfcssC/9hDHx7MHzDKjF3keHuREOQqQiQ=",
        "owner": "NixOS",
        "repo": "nixpkgs",
        "rev": "4df1b885d76a54e1aa1a318f8d16fd6005b6401f",
        "type": "github"
      },
      "original": {
        "owner": "NixOS",
        "ref": "nixpkgs-unstable",
        "repo": "nixpkgs",
        "type": "github"
      }
    },
    "nixvim": {
      "inputs": {
        "flake-parts": "flake-parts",
        "nixpkgs": "nixpkgs_2",
        "systems": "systems"
      },
      "locked": {
        "lastModified": 1780421606,
        "narHash": "sha256-ZRAMRXQE1UKBtpnPwwOqV8teaPDD/fdABvUXMjcyhow=",
        "owner": "nix-community",
        "repo": "nixvim",
        "rev": "b7521616f15ad73c6bec458d64ed7f06f4095edb",
        "type": "github"
      },
      "original": {
        "owner": "nix-community",
        "repo": "nixvim",
        "type": "github"
      }
    },
    "root": {
      "inputs": {
        "darwin-custom-icons": "darwin-custom-icons",
        "home-manager": "home-manager",
        "homebrew": "homebrew",
        "nix-darwin": "nix-darwin",
        "nix-wsl": "nix-wsl",
        "nixpkgs": "nixpkgs",
        "nixvim": "nixvim",
        "zen-browser": "zen-browser",
        "zsh-aws-vault": "zsh-aws-vault"
      }
    },
    "systems": {
      "locked": {
        "lastModified": 1774449309,
        "narHash": "sha256-brhZ8DmuGtzkCYHJg4HEd602amKm89Y9ytsFZ5uWD1w=",
        "owner": "nix-systems",
        "repo": "default",
        "rev": "c29398b59d2048c4ab79345812849c9bd15e9150",
        "type": "github"
      },
      "original": {
        "owner": "nix-systems",
        "ref": "future-26.11",
        "repo": "default",
        "type": "github"
      }
    },
    "zen-browser": {
      "inputs": {
        "home-manager": [
          "home-manager"
        ],
        "nixpkgs": [
          "nixpkgs"
        ]
      },
      "locked": {
        "lastModified": 1780567926,
        "narHash": "sha256-LVaiAnBwgr2YotaIlrcwCgmbwHsE2ccegRztLjur/d4=",
        "owner": "0xc000022070",
        "repo": "zen-browser-flake",
        "rev": "eea9ae34eb9011aee9b8ce8ee2bc2dd111ee8285",
        "type": "github"
      },
      "original": {
        "owner": "0xc000022070",
        "repo": "zen-browser-flake",
        "type": "github"
      }
    },
    "zsh-aws-vault": {
      "flake": false,
      "locked": {
        "lastModified": 1744411465,
        "narHash": "sha256-eP4zrgYxhTA00fRKCzNc48Y2lYs16wCzqflwSuMuEMo=",
        "owner": "blimmer",
        "repo": "zsh-aws-vault",
        "rev": "288857c99792d648132b5f8b1227312878a769e4",
        "type": "github"
      },
      "original": {
        "owner": "blimmer",
        "repo": "zsh-aws-vault",
        "type": "github"
      }
    }
  },
  "root": "root",
  "version": 7
}
