{
  "nodes": {
    "brew-src": {
      "flake": false,
      "locked": {
        "lastModified": 1748148946,
        "narHash": "sha256-srnyYAqGD27NeBDaEU3hchJdkeOQ2vRe3kWurihFYT8=",
        "owner": "Homebrew",
        "repo": "brew",
        "rev": "dc0f9d50fd170492a33fd7234d06de1b94df363c",
        "type": "github"
      },
      "original": {
        "owner": "Homebrew",
        "ref": "4.5.3",
        "repo": "brew",
        "type": "github"
      }
    },
    "caddy-cloudflare": {
      "flake": false,
      "locked": {
        "lastModified": 1746545479,
        "narHash": "sha256-6Od+Ho2Tpn8dsm6fH5SxrGBND9Hfly2uZkTltgXzPE8=",
        "owner": "caddy-dns",
        "repo": "cloudflare",
        "rev": "35fb8474f57d7476329f75d63eebafb95a93022f",
        "type": "github"
      },
      "original": {
        "owner": "caddy-dns",
        "repo": "cloudflare",
        "type": "github"
      }
    },
    "flake-compat": {
      "flake": false,
      "locked": {
        "lastModified": 1733328505,
        "narHash": "sha256-NeCCThCEP3eCl2l/+27kNNK7QrwZB1IJCrXfrbv5oqU=",
        "owner": "edolstra",
        "repo": "flake-compat",
        "rev": "ff81ac966bb2cae68946d5ed5fc4994f96d0ffec",
        "type": "github"
      },
      "original": {
        "owner": "edolstra",
        "repo": "flake-compat",
        "type": "github"
      }
    },
    "flake-parts": {
      "inputs": {
        "nixpkgs-lib": [
          "nixvim",
          "nixpkgs"
        ]
      },
      "locked": {
        "lastModified": 1743550720,
        "narHash": "sha256-hIshGgKZCgWh6AYJpJmRgFdR3WUbkY04o82X05xqQiY=",
        "owner": "hercules-ci",
        "repo": "flake-parts",
        "rev": "c621e8422220273271f52058f618c94e405bb0f5",
        "type": "github"
      },
      "original": {
        "owner": "hercules-ci",
        "repo": "flake-parts",
        "type": "github"
      }
    },
    "flake-utils": {
      "inputs": {
        "systems": "systems"
      },
      "locked": {
        "lastModified": 1731533236,
        "narHash": "sha256-l0KFg5HjrsfsO/JpG+r7fRrqm12kzFHyUHqHCVpMMbI=",
        "owner": "numtide",
        "repo": "flake-utils",
        "rev": "11707dc2f618dd54ca8739b309ec4fc024de578b",
        "type": "github"
      },
      "original": {
        "owner": "numtide",
        "repo": "flake-utils",
        "type": "github"
      }
    },
    "home-manager": {
      "inputs": {
        "nixpkgs": [
          "nixpkgs"
        ]
      },
      "locked": {
        "lastModified": 1748665073,
        "narHash": "sha256-RMhjnPKWtCoIIHiuR9QKD7xfsKb3agxzMfJY8V9MOew=",
        "owner": "nix-community",
        "repo": "home-manager",
        "rev": "282e1e029cb6ab4811114fc85110613d72771dea",
        "type": "github"
      },
      "original": {
        "owner": "nix-community",
        "ref": "release-25.05",
        "repo": "home-manager",
        "type": "github"
      }
    },
    "homebrew-bundle": {
      "flake": false,
      "locked": {
        "lastModified": 1745335228,
        "narHash": "sha256-TIKR2UgtyUmHLNZp255/vLs+1I10hXe+sciMEbAGFwE=",
        "owner": "homebrew",
        "repo": "homebrew-bundle",
        "rev": "a3265c84b232e13048ecbf6fc18a2eedfadbeb08",
        "type": "github"
      },
      "original": {
        "owner": "homebrew",
        "repo": "homebrew-bundle",
        "type": "github"
      }
    },
    "homebrew-cask": {
      "flake": false,
      "locked": {
        "lastModified": 1748848223,
        "narHash": "sha256-t/yDSAze8nX853V95DsBkNJUQv45cYi5jY8z5W/pcPg=",
        "owner": "homebrew",
        "repo": "homebrew-cask",
        "rev": "70dfca163d2648755cdc889c1b7eb7f498f2c38e",
        "type": "github"
      },
      "original": {
        "owner": "homebrew",
        "repo": "homebrew-cask",
        "type": "github"
      }
    },
    "homebrew-core": {
      "flake": false,
      "locked": {
        "lastModified": 1748855022,
        "narHash": "sha256-eMNnsXwSsOfte5GFaXdHcp6DlzxjxIIQcF9ViEweHAw=",
        "owner": "homebrew",
        "repo": "homebrew-core",
        "rev": "439559307d3000a430db9666d4595f4f4a20a6b1",
        "type": "github"
      },
      "original": {
        "owner": "homebrew",
        "repo": "homebrew-core",
        "type": "github"
      }
    },
    "ixx": {
      "inputs": {
        "flake-utils": [
          "nixvim",
          "nuschtosSearch",
          "flake-utils"
        ],
        "nixpkgs": [
          "nixvim",
          "nuschtosSearch",
          "nixpkgs"
        ]
      },
      "locked": {
        "lastModified": 1748294338,
        "narHash": "sha256-FVO01jdmUNArzBS7NmaktLdGA5qA3lUMJ4B7a05Iynw=",
        "owner": "NuschtOS",
        "repo": "ixx",
        "rev": "cc5f390f7caf265461d4aab37e98d2292ebbdb85",
        "type": "github"
      },
      "original": {
        "owner": "NuschtOS",
        "ref": "v0.0.8",
        "repo": "ixx",
        "type": "github"
      }
    },
    "nix-darwin": {
      "inputs": {
        "nixpkgs": [
          "nixpkgs"
        ]
      },
      "locked": {
        "lastModified": 1748352827,
        "narHash": "sha256-sNUUP6qxGkK9hXgJ+p362dtWLgnIWwOCmiq72LAWtYo=",
        "owner": "LnL7",
        "repo": "nix-darwin",
        "rev": "44a7d0e687a87b73facfe94fba78d323a6686a90",
        "type": "github"
      },
      "original": {
        "owner": "LnL7",
        "repo": "nix-darwin",
        "type": "github"
      }
    },
    "nix-homebrew": {
      "inputs": {
        "brew-src": "brew-src"
      },
      "locked": {
        "lastModified": 1748379893,
        "narHash": "sha256-7zvNSdEA4KhKA3vosAU3QdzGgSBKxTR2iUEredA8tLc=",
        "owner": "zhaofengli-wip",
        "repo": "nix-homebrew",
        "rev": "77517445732b9ae0b413e4580b1c8e88f804da1c",
        "type": "github"
      },
      "original": {
        "owner": "zhaofengli-wip",
        "repo": "nix-homebrew",
        "type": "github"
      }
    },
    "nix-wsl": {
      "inputs": {
        "flake-compat": "flake-compat",
        "nixpkgs": [
          "nixpkgs"
        ]
      },
      "locked": {
        "lastModified": 1746453552,
        "narHash": "sha256-r66UGha+7KVHkI7ksrcMjnw/mm9Sg4l5bQlylxHwdGU=",
        "owner": "nix-community",
        "repo": "NixOS-WSL",
        "rev": "be618645aa0adf461f778500172b6896d5ab2d01",
        "type": "github"
      },
      "original": {
        "owner": "nix-community",
        "repo": "NixOS-WSL",
        "type": "github"
      }
    },
    "nixpkgs": {
      "locked": {
        "lastModified": 1748693115,
        "narHash": "sha256-StSrWhklmDuXT93yc3GrTlb0cKSS0agTAxMGjLKAsY8=",
        "owner": "nixos",
        "repo": "nixpkgs",
        "rev": "910796cabe436259a29a72e8d3f5e180fc6dfacc",
        "type": "github"
      },
      "original": {
        "owner": "nixos",
        "ref": "nixos-unstable",
        "repo": "nixpkgs",
        "type": "github"
      }
    },
    "nixvim": {
      "inputs": {
        "flake-parts": "flake-parts",
        "nixpkgs": [
          "nixpkgs"
        ],
        "nuschtosSearch": "nuschtosSearch",
        "systems": "systems_2"
      },
      "locked": {
        "lastModified": 1748564405,
        "narHash": "sha256-uCmQLJmdg0gKWBs+vhNmS9RIPJW8/ddo6TvQ/a4gupc=",
        "owner": "nix-community",
        "repo": "nixvim",
        "rev": "8b3a69cfea5ba2fa008c6c57ab79c99c513a349b",
        "type": "github"
      },
      "original": {
        "owner": "nix-community",
        "repo": "nixvim",
        "type": "github"
      }
    },
    "nuschtosSearch": {
      "inputs": {
        "flake-utils": "flake-utils",
        "ixx": "ixx",
        "nixpkgs": [
          "nixvim",
          "nixpkgs"
        ]
      },
      "locked": {
        "lastModified": 1748298102,
        "narHash": "sha256-PP11GVwUt7F4ZZi5A5+99isuq39C59CKc5u5yVisU/U=",
        "owner": "NuschtOS",
        "repo": "search",
        "rev": "f8a1c221afb8b4c642ed11ac5ee6746b0fe1d32f",
        "type": "github"
      },
      "original": {
        "owner": "NuschtOS",
        "repo": "search",
        "type": "github"
      }
    },
    "root": {
      "inputs": {
        "caddy-cloudflare": "caddy-cloudflare",
        "home-manager": "home-manager",
        "homebrew-bundle": "homebrew-bundle",
        "homebrew-cask": "homebrew-cask",
        "homebrew-core": "homebrew-core",
        "nix-darwin": "nix-darwin",
        "nix-homebrew": "nix-homebrew",
        "nix-wsl": "nix-wsl",
        "nixpkgs": "nixpkgs",
        "nixvim": "nixvim",
        "zsh-aws-vault": "zsh-aws-vault"
      }
    },
    "systems": {
      "locked": {
        "lastModified": 1681028828,
        "narHash": "sha256-Vy1rq5AaRuLzOxct8nz4T6wlgyUR7zLU309k9mBC768=",
        "owner": "nix-systems",
        "repo": "default",
        "rev": "da67096a3b9bf56a91d16901293e51ba5b49a27e",
        "type": "github"
      },
      "original": {
        "owner": "nix-systems",
        "repo": "default",
        "type": "github"
      }
    },
    "systems_2": {
      "locked": {
        "lastModified": 1681028828,
        "narHash": "sha256-Vy1rq5AaRuLzOxct8nz4T6wlgyUR7zLU309k9mBC768=",
        "owner": "nix-systems",
        "repo": "default",
        "rev": "da67096a3b9bf56a91d16901293e51ba5b49a27e",
        "type": "github"
      },
      "original": {
        "owner": "nix-systems",
        "repo": "default",
        "type": "github"
      }
    },
    "zsh-aws-vault": {
      "flake": false,
      "locked": {
        "lastModified": 1744411465,
        "narHash": "sha256-eP4zrgYxhTA00fRKCzNc48Y2lYs16wCzqflwSuMuEMo=",
        "owner": "blimmer",
        "repo": "zsh-aws-vault",
        "rev": "288857c99792d648132b5f8b1227312878a769e4",
        "type": "github"
      },
      "original": {
        "owner": "blimmer",
        "repo": "zsh-aws-vault",
        "type": "github"
      }
    }
  },
  "root": "root",
  "version": 7
}
